{
  "name": "guitkx-language-server",
  "version": "0.2.6",
  "lockfileVersion": 3,
  "requires": true,
  "packages": {
    "": {
      "name": "guitkx-language-server",
      "version": "0.2.6",
      "license": "MIT",
      "dependencies": {
        "@gdscript-analyzer/core": "^0.4.0",
        "vscode-languageserver": "^9.0.1",
        "vscode-languageserver-textdocument": "^1.0.11"
      },
      "bin": {
        "guitkx-language-server": "out/server.js"
      },
      "devDependencies": {
        "@types/node": "^20.0.0",
        "typescript": "^5.4.0"
      },
      "engines": {
        "node": ">=18"
      }
    },
    "node_modules/@gdscript-analyzer/core": {
      "version": "0.4.0",
      "resolved": "https://registry.npmjs.org/@gdscript-analyzer/core/-/core-0.4.0.tgz",
      "integrity": "sha512-MnvsGQePwTgRF10tHbaY6sxyL8UkqgSuynHro11RnZGZcljth4QvwV+gQUEDZxOowYiaDHaRdqV5qETak5SgTw==",
      "license": "(MIT OR Apache-2.0)",
      "engines": {
        "node": ">=20"
      },
      "optionalDependencies": {
        "@gdscript-analyzer/core-darwin-arm64": "0.4.0",
        "@gdscript-analyzer/core-darwin-x64": "0.4.0",
        "@gdscript-analyzer/core-linux-arm64-gnu": "0.4.0",
        "@gdscript-analyzer/core-linux-x64-gnu": "0.4.0",
        "@gdscript-analyzer/core-win32-arm64-msvc": "0.4.0",
        "@gdscript-analyzer/core-win32-x64-msvc": "0.4.0"
      }
    },
    "node_modules/@gdscript-analyzer/core-darwin-arm64": {
      "version": "0.4.0",
      "resolved": "https://registry.npmjs.org/@gdscript-analyzer/core-darwin-arm64/-/core-darwin-arm64-0.4.0.tgz",
      "integrity": "sha512-pqCUIV1MCEsAKIKfUJ/2Ofle8ULza2F+ZT8Cx21b3RqJSpaGg1mMgFd3QvdgnX3AUtbBXegUabHC/YczfzFE1A==",
      "cpu": [
        "arm64"
      ],
      "license": "(MIT OR Apache-2.0)",
      "optional": true,
      "os": [
        "darwin"
      ],
      "engines": {
        "node": ">=20"
      }
    },
    "node_modules/@gdscript-analyzer/core-darwin-x64": {
      "version": "0.4.0",
      "resolved": "https://registry.npmjs.org/@gdscript-analyzer/core-darwin-x64/-/core-darwin-x64-0.4.0.tgz",
      "integrity": "sha512-UP1Z+gHD2mVGuQONj/rrzdhGeVIwFKfXOW7Kt+5SdPi7cOgT8EhQrtIPTIHa2nkAGGOnJd+RQKvtM6obArzwOQ==",
      "cpu": [
        "x64"
      ],
      "license": "(MIT OR Apache-2.0)",
      "optional": true,
      "os": [
        "darwin"
      ],
      "engines": {
        "node": ">=20"
      }
    },
    "node_modules/@gdscript-analyzer/core-linux-arm64-gnu": {
      "version": "0.4.0",
      "resolved": "https://registry.npmjs.org/@gdscript-analyzer/core-linux-arm64-gnu/-/core-linux-arm64-gnu-0.4.0.tgz",
      "integrity": "sha512-FUIDse39rjfsdeJlYtvkcGrCboK71r9aCVWuoDHjnMugpqy29iDEVIXDqCvuCICq3yXcfUnfOzhANv5Iczt7hw==",
      "cpu": [
        "arm64"
      ],
      "license": "(MIT OR Apache-2.0)",
      "optional": true,
      "os": [
        "linux"
      ],
      "engines": {
        "node": ">=20"
      }
    },
    "node_modules/@gdscript-analyzer/core-linux-x64-gnu": {
      "version": "0.4.0",
      "resolved": "https://registry.npmjs.org/@gdscript-analyzer/core-linux-x64-gnu/-/core-linux-x64-gnu-0.4.0.tgz",
      "integrity": "sha512-rMyXyeS4j0lzOqS2v4hEGUhptztrTiAbhwxh5heP2KZdXd8kYOsZims+NtMgmW4eM0q8Cx4idhpz8AGIkK6Y5A==",
      "cpu": [
        "x64"
      ],
      "license": "(MIT OR Apache-2.0)",
      "optional": true,
      "os": [
        "linux"
      ],
      "engines": {
        "node": ">=20"
      }
    },
    "node_modules/@gdscript-analyzer/core-win32-arm64-msvc": {
      "version": "0.4.0",
      "resolved": "https://registry.npmjs.org/@gdscript-analyzer/core-win32-arm64-msvc/-/core-win32-arm64-msvc-0.4.0.tgz",
      "integrity": "sha512-qmZF3S7QoqSYan6Bmj4uyiVkk/nQJfRvW9soCbBHVMCFvqqdv7B1cZY0RYLN6Wo8ljYRlhsq1Na4YwisBseU2g==",
      "cpu": [
        "arm64"
      ],
      "license": "(MIT OR Apache-2.0)",
      "optional": true,
      "os": [
        "win32"
      ],
      "engines": {
        "node": ">=20"
      }
    },
    "node_modules/@gdscript-analyzer/core-win32-x64-msvc": {
      "version": "0.4.0",
      "resolved": "https://registry.npmjs.org/@gdscript-analyzer/core-win32-x64-msvc/-/core-win32-x64-msvc-0.4.0.tgz",
      "integrity": "sha512-iZ4I7JNLB+iC358jsjrI60dMlBlm3+umWXWLtIxmktX3OUx/1dZk3S5+5/XMqrZEVq41llxV2H+l+jN2pebQ3Q==",
      "cpu": [
        "x64"
      ],
      "license": "(MIT OR Apache-2.0)",
      "optional": true,
      "os": [
        "win32"
      ],
      "engines": {
        "node": ">=20"
      }
    },
    "node_modules/@types/node": {
      "version": "20.19.43",
      "resolved": "https://registry.npmjs.org/@types/node/-/node-20.19.43.tgz",
      "integrity": "sha512-6oYBAi5ikg4Pl+kGsoYtawUMBT2zZMCvPNF7pVLnHZfd1zf38DRiWn/gT01RYCdUqkv7Fhr+C9ot4/tb+2sVvA==",
      "dev": true,
      "license": "MIT",
      "dependencies": {
        "undici-types": "~6.21.0"
      }
    },
    "node_modules/typescript": {
      "version": "5.9.3",
      "resolved": "https://registry.npmjs.org/typescript/-/typescript-5.9.3.tgz",
      "integrity": "sha512-jl1vZzPDinLr9eUt3J/t7V6FgNEw9QjvBPdysz9KfQDD41fQrC2Y4vKQdiaUpFT4bXlb1RHhLpp8wtm6M5TgSw==",
      "dev": true,
      "license": "Apache-2.0",
      "bin": {
        "tsc": "bin/tsc",
        "tsserver": "bin/tsserver"
      },
      "engines": {
        "node": ">=14.17"
      }
    },
    "node_modules/undici-types": {
      "version": "6.21.0",
      "resolved": "https://registry.npmjs.org/undici-types/-/undici-types-6.21.0.tgz",
      "integrity": "sha512-iwDZqg0QAGrg9Rav5H4n0M64c3mkR59cJ6wQp+7C4nI0gsmExaedaYLNO44eT4AtBBwjbTiGPMlt2Md0T9H9JQ==",
      "dev": true,
      "license": "MIT"
    },
    "node_modules/vscode-jsonrpc": {
      "version": "8.2.0",
      "resolved": "https://registry.npmjs.org/vscode-jsonrpc/-/vscode-jsonrpc-8.2.0.tgz",
      "integrity": "sha512-C+r0eKJUIfiDIfwJhria30+TYWPtuHJXHtI7J0YlOmKAo7ogxP20T0zxB7HZQIFhIyvoBPwWskjxrvAtfjyZfA==",
      "license": "MIT",
      "engines": {
        "node": ">=14.0.0"
      }
    },
    "node_modules/vscode-languageserver": {
      "version": "9.0.1",
      "resolved": "https://registry.npmjs.org/vscode-languageserver/-/vscode-languageserver-9.0.1.tgz",
      "integrity": "sha512-woByF3PDpkHFUreUa7Hos7+pUWdeWMXRd26+ZX2A8cFx6v/JPTtd4/uN0/jB6XQHYaOlHbio03NTHCqrgG5n7g==",
      "license": "MIT",
      "dependencies": {
        "vscode-languageserver-protocol": "3.17.5"
      },
      "bin": {
        "installServerIntoExtension": "bin/installServerIntoExtension"
      }
    },
    "node_modules/vscode-languageserver-protocol": {
      "version": "3.17.5",
      "resolved": "https://registry.npmjs.org/vscode-languageserver-protocol/-/vscode-languageserver-protocol-3.17.5.tgz",
      "integrity": "sha512-mb1bvRJN8SVznADSGWM9u/b07H7Ecg0I3OgXDuLdn307rl/J3A9YD6/eYOssqhecL27hK1IPZAsaqh00i/Jljg==",
      "license": "MIT",
      "dependencies": {
        "vscode-jsonrpc": "8.2.0",
        "vscode-languageserver-types": "3.17.5"
      }
    },
    "node_modules/vscode-languageserver-textdocument": {
      "version": "1.0.12",
      "resolved": "https://registry.npmjs.org/vscode-languageserver-textdocument/-/vscode-languageserver-textdocument-1.0.12.tgz",
      "integrity": "sha512-cxWNPesCnQCcMPeenjKKsOCKQZ/L6Tv19DTRIGuLWe32lyzWhihGVJ/rcckZXJxfdKCFvRLS3fpBIsV/ZGX4zA==",
      "license": "MIT"
    },
    "node_modules/vscode-languageserver-types": {
      "version": "3.17.5",
      "resolved": "https://registry.npmjs.org/vscode-languageserver-types/-/vscode-languageserver-types-3.17.5.tgz",
      "integrity": "sha512-Ld1VelNuX9pdF39h2Hgaeb5hEZM2Z3jUrrMgWQAu82jMtZp7p3vJT3BzToKtZI7NgQssZje5o0zryOrhQvzQAg==",
      "license": "MIT"
    }
  }
}
